
Microsoft Visual Studio Solution File, Format Version 12.00
# Visual Studio Version 17
VisualStudioVersion = 17.8.34511.84
MinimumVisualStudioVersion = 10.0.40219.1
Project("{2150E333-8FDC-42A3-9474-1A3956D46DE8}") = "Solution Items", "Solution Items", "{4F50E09E-DA38-4253-B4F7-EA2634F0C980}"
	ProjectSection(SolutionItems) = preProject
		.editorconfig = .editorconfig
	EndProjectSection
EndProject
Project("{9A19103F-16F7-4668-BE54-9A1E7A4F7556}") = "LeapYear", "LeapYear\LeapYear.csproj", "{41ABECDB-25CA-456F-BF75-A0614CF5CD53}"
EndProject
Project("{9A19103F-16F7-4668-BE54-9A1E7A4F7556}") = "LeapYearTests", "LeapYearTests\LeapYearTests.csproj", "{D91653B9-79D1-4448-81AB-2AE17C21069C}"
EndProject
Global
	GlobalSection(SolutionConfigurationPlatforms) = preSolution
		Debug|Any CPU = Debug|Any CPU
		Release|Any CPU = Release|Any CPU
	EndGlobalSection
	GlobalSection(ProjectConfigurationPlatforms) = postSolution
		{41ABECDB-25CA-456F-BF75-A0614CF5CD53}.Debug|Any CPU.ActiveCfg = Debug|Any CPU
		{41ABECDB-25CA-456F-BF75-A0614CF5CD53}.Debug|Any CPU.Build.0 = Debug|Any CPU
		{41ABECDB-25CA-456F-BF75-A0614CF5CD53}.Release|Any CPU.ActiveCfg = Release|Any CPU
		{41ABECDB-25CA-456F-BF75-A0614CF5CD53}.Release|Any CPU.Build.0 = Release|Any CPU
		{D91653B9-79D1-4448-81AB-2AE17C21069C}.Debug|Any CPU.ActiveCfg = Debug|Any CPU
		{D91653B9-79D1-4448-81AB-2AE17C21069C}.Debug|Any CPU.Build.0 = Debug|Any CPU
		{D91653B9-79D1-4448-81AB-2AE17C21069C}.Release|Any CPU.ActiveCfg = Release|Any CPU
		{D91653B9-79D1-4448-81AB-2AE17C21069C}.Release|Any CPU.Build.0 = Release|Any CPU
	EndGlobalSection
	GlobalSection(SolutionProperties) = preSolution
		HideSolutionNode = FALSE
	EndGlobalSection
	GlobalSection(ExtensibilityGlobals) = postSolution
		SolutionGuid = {489CCA46-DED7-4DAE-88A0-338C73A78131}
	EndGlobalSection
EndGlobal
