
Microsoft Visual Studio Solution File, Format Version 12.00
# Visual Studio Version 17
VisualStudioVersion = 17.8.34330.188
MinimumVisualStudioVersion = 10.0.40219.1
Project("{FAE04EC0-301F-11D3-BF4B-00C04F79EFBC}") = "BookingUpForBeauty", "BookingUpForBeauty\BookingUpForBeauty.csproj", "{A80E4DF4-4646-4608-AA57-690867D7BC3E}"
EndProject
Project("{FAE04EC0-301F-11D3-BF4B-00C04F79EFBC}") = "BeautyTests", "BeautyTests\BeautyTests.csproj", "{49905C41-B324-452E-9165-A6492490F566}"
EndProject
Global
	GlobalSection(SolutionConfigurationPlatforms) = preSolution
		Debug|Any CPU = Debug|Any CPU
		Release|Any CPU = Release|Any CPU
	EndGlobalSection
	GlobalSection(ProjectConfigurationPlatforms) = postSolution
		{A80E4DF4-4646-4608-AA57-690867D7BC3E}.Debug|Any CPU.ActiveCfg = Debug|Any CPU
		{A80E4DF4-4646-4608-AA57-690867D7BC3E}.Debug|Any CPU.Build.0 = Debug|Any CPU
		{A80E4DF4-4646-4608-AA57-690867D7BC3E}.Release|Any CPU.ActiveCfg = Release|Any CPU
		{A80E4DF4-4646-4608-AA57-690867D7BC3E}.Release|Any CPU.Build.0 = Release|Any CPU
		{49905C41-B324-452E-9165-A6492490F566}.Debug|Any CPU.ActiveCfg = Debug|Any CPU
		{49905C41-B324-452E-9165-A6492490F566}.Debug|Any CPU.Build.0 = Debug|Any CPU
		{49905C41-B324-452E-9165-A6492490F566}.Release|Any CPU.ActiveCfg = Release|Any CPU
		{49905C41-B324-452E-9165-A6492490F566}.Release|Any CPU.Build.0 = Release|Any CPU
	EndGlobalSection
	GlobalSection(SolutionProperties) = preSolution
		HideSolutionNode = FALSE
	EndGlobalSection
	GlobalSection(ExtensibilityGlobals) = postSolution
		SolutionGuid = {25A640E1-EE30-4910-AE92-82281268C357}
	EndGlobalSection
EndGlobal
